
Microsoft Visual Studio Solution File, Format Version 12.00
# Visual Studio Version 17
VisualStudioVersion = 17.2.32414.248
MinimumVisualStudioVersion = 10.0.40219.1
Project("{FAE04EC0-301F-11D3-BF4B-00C04F79EFBC}") = "AsyncFileIODemo", "AsyncFileIODemo\AsyncFileIODemo.csproj", "{20EFEBFB-D8A1-4C26-B6D0-C59EC005CDF1}"
EndProject
Project("{9A19103F-16F7-4668-BE54-9A1E7A4F7556}") = "ElasticSearchEngine", "ElasticSearchEngine\ElasticSearchEngine.csproj", "{B70663D9-A8B1-4A20-9946-4CAB7C50C9E0}"
EndProject
Project("{9A19103F-16F7-4668-BE54-9A1E7A4F7556}") = "RabbitMQDemo", "RabbitMQDemo\RabbitMQDemo.csproj", "{C6E5BAFC-604D-408C-88E0-77FF888EC7F6}"
EndProject
Project("{FAE04EC0-301F-11D3-BF4B-00C04F79EFBC}") = "RefitDemo", "RefitDemo\RefitDemo.csproj", "{F331F845-4352-4CE9-A8C1-E5471CF90C24}"
EndProject
Project("{FAE04EC0-301F-11D3-BF4B-00C04F79EFBC}") = "BlendDemo", "BlendDemo\BlendDemo.csproj", "{B75D090C-68F1-4845-B009-93B0E6FBD9B0}"
EndProject
Project("{FAE04EC0-301F-11D3-BF4B-00C04F79EFBC}") = "CSharpStudy", "CSharpStudy\CSharpStudy.csproj", "{66D9843B-8189-4D8C-B811-1C226C781864}"
EndProject
Project("{9A19103F-16F7-4668-BE54-9A1E7A4F7556}") = "DynamicProgramming", "DynamicProgramming\DynamicProgramming.csproj", "{B5EB30A8-25CF-4AD6-ADB8-C1EE629A7518}"
EndProject
Project("{9A19103F-16F7-4668-BE54-9A1E7A4F7556}") = "FluentSchedulerDemo", "FluentSchedulerDemo\FluentSchedulerDemo.csproj", "{C759BBC1-D3E2-400D-AD88-AE15DF01A6C3}"
EndProject
Global
	GlobalSection(SolutionConfigurationPlatforms) = preSolution
		Debug|Any CPU = Debug|Any CPU
		Release|Any CPU = Release|Any CPU
	EndGlobalSection
	GlobalSection(ProjectConfigurationPlatforms) = postSolution
		{20EFEBFB-D8A1-4C26-B6D0-C59EC005CDF1}.Debug|Any CPU.ActiveCfg = Debug|Any CPU
		{20EFEBFB-D8A1-4C26-B6D0-C59EC005CDF1}.Debug|Any CPU.Build.0 = Debug|Any CPU
		{20EFEBFB-D8A1-4C26-B6D0-C59EC005CDF1}.Release|Any CPU.ActiveCfg = Release|Any CPU
		{20EFEBFB-D8A1-4C26-B6D0-C59EC005CDF1}.Release|Any CPU.Build.0 = Release|Any CPU
		{B70663D9-A8B1-4A20-9946-4CAB7C50C9E0}.Debug|Any CPU.ActiveCfg = Debug|Any CPU
		{B70663D9-A8B1-4A20-9946-4CAB7C50C9E0}.Debug|Any CPU.Build.0 = Debug|Any CPU
		{B70663D9-A8B1-4A20-9946-4CAB7C50C9E0}.Release|Any CPU.ActiveCfg = Release|Any CPU
		{B70663D9-A8B1-4A20-9946-4CAB7C50C9E0}.Release|Any CPU.Build.0 = Release|Any CPU
		{C6E5BAFC-604D-408C-88E0-77FF888EC7F6}.Debug|Any CPU.ActiveCfg = Debug|Any CPU
		{C6E5BAFC-604D-408C-88E0-77FF888EC7F6}.Debug|Any CPU.Build.0 = Debug|Any CPU
		{C6E5BAFC-604D-408C-88E0-77FF888EC7F6}.Release|Any CPU.ActiveCfg = Release|Any CPU
		{C6E5BAFC-604D-408C-88E0-77FF888EC7F6}.Release|Any CPU.Build.0 = Release|Any CPU
		{F331F845-4352-4CE9-A8C1-E5471CF90C24}.Debug|Any CPU.ActiveCfg = Debug|Any CPU
		{F331F845-4352-4CE9-A8C1-E5471CF90C24}.Debug|Any CPU.Build.0 = Debug|Any CPU
		{F331F845-4352-4CE9-A8C1-E5471CF90C24}.Release|Any CPU.ActiveCfg = Release|Any CPU
		{F331F845-4352-4CE9-A8C1-E5471CF90C24}.Release|Any CPU.Build.0 = Release|Any CPU
		{B75D090C-68F1-4845-B009-93B0E6FBD9B0}.Debug|Any CPU.ActiveCfg = Debug|Any CPU
		{B75D090C-68F1-4845-B009-93B0E6FBD9B0}.Debug|Any CPU.Build.0 = Debug|Any CPU
		{B75D090C-68F1-4845-B009-93B0E6FBD9B0}.Release|Any CPU.ActiveCfg = Release|Any CPU
		{B75D090C-68F1-4845-B009-93B0E6FBD9B0}.Release|Any CPU.Build.0 = Release|Any CPU
		{66D9843B-8189-4D8C-B811-1C226C781864}.Debug|Any CPU.ActiveCfg = Debug|Any CPU
		{66D9843B-8189-4D8C-B811-1C226C781864}.Debug|Any CPU.Build.0 = Debug|Any CPU
		{66D9843B-8189-4D8C-B811-1C226C781864}.Release|Any CPU.ActiveCfg = Release|Any CPU
		{66D9843B-8189-4D8C-B811-1C226C781864}.Release|Any CPU.Build.0 = Release|Any CPU
		{B5EB30A8-25CF-4AD6-ADB8-C1EE629A7518}.Debug|Any CPU.ActiveCfg = Debug|Any CPU
		{B5EB30A8-25CF-4AD6-ADB8-C1EE629A7518}.Debug|Any CPU.Build.0 = Debug|Any CPU
		{B5EB30A8-25CF-4AD6-ADB8-C1EE629A7518}.Release|Any CPU.ActiveCfg = Release|Any CPU
		{B5EB30A8-25CF-4AD6-ADB8-C1EE629A7518}.Release|Any CPU.Build.0 = Release|Any CPU
		{C759BBC1-D3E2-400D-AD88-AE15DF01A6C3}.Debug|Any CPU.ActiveCfg = Debug|Any CPU
		{C759BBC1-D3E2-400D-AD88-AE15DF01A6C3}.Debug|Any CPU.Build.0 = Debug|Any CPU
		{C759BBC1-D3E2-400D-AD88-AE15DF01A6C3}.Release|Any CPU.ActiveCfg = Release|Any CPU
		{C759BBC1-D3E2-400D-AD88-AE15DF01A6C3}.Release|Any CPU.Build.0 = Release|Any CPU
	EndGlobalSection
	GlobalSection(SolutionProperties) = preSolution
		HideSolutionNode = FALSE
	EndGlobalSection
	GlobalSection(ExtensibilityGlobals) = postSolution
		SolutionGuid = {BBF5E50F-1CBB-4933-8846-C0A8A2B53446}
	EndGlobalSection
EndGlobal
