
Microsoft Visual Studio Solution File, Format Version 12.00
# Visual Studio Version 17
VisualStudioVersion = 17.2.32414.248
MinimumVisualStudioVersion = 10.0.40219.1
Project("{FAE04EC0-301F-11D3-BF4B-00C04F79EFBC}") = "AsyncFileIODemo", "AsyncFileIODemo\AsyncFileIODemo.csproj", "{20EFEBFB-D8A1-4C26-B6D0-C59EC005CDF1}"
EndProject
Project("{9A19103F-16F7-4668-BE54-9A1E7A4F7556}") = "ElasticSearchEngine", "ElasticSearchEngine\ElasticSearchEngine.csproj", "{B70663D9-A8B1-4A20-9946-4CAB7C50C9E0}"
EndProject
Project("{9A19103F-16F7-4668-BE54-9A1E7A4F7556}") = "RabbitMQDemo", "RabbitMQDemo\RabbitMQDemo.csproj", "{C6E5BAFC-604D-408C-88E0-77FF888EC7F6}"
EndProject
Project("{FAE04EC0-301F-11D3-BF4B-00C04F79EFBC}") = "RefitDemo", "RefitDemo\RefitDemo.csproj", "{F331F845-4352-4CE9-A8C1-E5471CF90C24}"
EndProject
Project("{FAE04EC0-301F-11D3-BF4B-00C04F79EFBC}") = "BlendDemo", "BlendDemo\BlendDemo.csproj", "{B75D090C-68F1-4845-B009-93B0E6FBD9B0}"
EndProject
Project("{FAE04EC0-301F-11D3-BF4B-00C04F79EFBC}") = "CSharpStudy", "CSharpStudy\CSharpStudy.csproj", "{66D9843B-8189-4D8C-B811-1C226C781864}"
EndProject
Project("{9A19103F-16F7-4668-BE54-9A1E7A4F7556}") = "DynamicProgramming", "DynamicProgramming\DynamicProgramming.csproj", "{B5EB30A8-25CF-4AD6-ADB8-C1EE629A7518}"
EndProject
Project("{9A19103F-16F7-4668-BE54-9A1E7A4F7556}") = "FluentSchedulerDemo", "FluentSchedulerDemo\FluentSchedulerDemo.csproj", "{C759BBC1-D3E2-400D-AD88-AE15DF01A6C3}"
EndProject
Project("{9A19103F-16F7-4668-BE54-9A1E7A4F7556}") = "FlurlDemo", "FlurlDemo\FlurlDemo.csproj", "{4343CC79-0C59-40CD-9C28-140CD5DD83E3}"
EndProject
Project("{2150E333-8FDC-42A3-9474-1A3956D46DE8}") = "Solution Items", "Solution Items", "{DE6B4305-6114-4B4A-A7C2-AB4F7151C1F2}"
	ProjectSection(SolutionItems) = preProject
		.editorconfig = .editorconfig
	EndProjectSection
EndProject
Project("{9A19103F-16F7-4668-BE54-9A1E7A4F7556}") = "FlurlDemoTests", "FlurlDemoTests\FlurlDemoTests.csproj", "{0069E308-9775-4B77-BAE0-E694E70EE9D5}"
EndProject
Project("{9A19103F-16F7-4668-BE54-9A1E7A4F7556}") = "SqlSugarDemo", "SqlSugarDemo\SqlSugarDemo.csproj", "{2522A3E3-7B19-4123-A3AD-CB06101BDDBC}"
EndProject
Project("{9A19103F-16F7-4668-BE54-9A1E7A4F7556}") = "DapperDemo", "DapperDemo\DapperDemo.csproj", "{EF731A6C-DB83-4957-8705-FB6E7859675E}"
EndProject
Project("{9A19103F-16F7-4668-BE54-9A1E7A4F7556}") = "AutoMapperDemo", "AutoMapperDemo\AutoMapperDemo.csproj", "{8840E0EF-12FF-4341-ABDF-3106BD4AD47F}"
EndProject
Project("{9A19103F-16F7-4668-BE54-9A1E7A4F7556}") = "Asp.Net Core WebApp", "Asp.Net Core WebApp\Asp.Net Core WebApp.csproj", "{697614D4-A3E9-45F5-B3A5-7ED751BEEEE3}"
EndProject
Project("{9A19103F-16F7-4668-BE54-9A1E7A4F7556}") = "Asp.Net Core WebApi", "Asp.Net Core WebApi\Asp.Net Core WebApi.csproj", "{99D7EE91-4975-4BCA-8B82-83979D3316EC}"
EndProject
Project("{9A19103F-16F7-4668-BE54-9A1E7A4F7556}") = "Asp.Net Core Empty", "Asp.Net Core Empty\Asp.Net Core Empty.csproj", "{49F82704-9279-40D6-B85C-3B70851C5E7C}"
EndProject
Project("{9A19103F-16F7-4668-BE54-9A1E7A4F7556}") = "Asp.Net Core MVC WebApp", "Asp.Net Core MVC WebApp\Asp.Net Core MVC WebApp.csproj", "{0A5AA825-4FF0-44AE-8DF0-42EF8DA9B297}"
EndProject
Project("{9A19103F-16F7-4668-BE54-9A1E7A4F7556}") = "Asp.Net Core GrpcService", "Asp.Net Core GrpcService\Asp.Net Core GrpcService.csproj", "{991AC0AE-7FD6-4692-B97D-7C11421A130F}"
EndProject
Project("{9A19103F-16F7-4668-BE54-9A1E7A4F7556}") = "Asp.Net Core with Angular", "Asp.Net Core with Angular\Asp.Net Core with Angular.csproj", "{0DA0FDF5-A8D9-4B4C-9DF9-91B81481E6C5}"
EndProject
Project("{9A19103F-16F7-4668-BE54-9A1E7A4F7556}") = "Asp.Net Core with React.js", "Asp.Net Core with React.js\Asp.Net Core with React.js.csproj", "{36EF9C3C-112E-4C00-9F34-974168872265}"
EndProject
Project("{9A19103F-16F7-4668-BE54-9A1E7A4F7556}") = "Asp.Net Core with React.js and Redux", "Asp.Net Core with React.js and Redux\Asp.Net Core with React.js and Redux.csproj", "{5838E417-BE1D-48AB-99AD-262F9CAC3E75}"
EndProject
Project("{FAE04EC0-301F-11D3-BF4B-00C04F79EFBC}") = "MauiApp", "MauiApp\MauiApp.csproj", "{9FC654B4-C88E-4CDE-8DD1-BEC8D4FE0538}"
EndProject
Project("{FAE04EC0-301F-11D3-BF4B-00C04F79EFBC}") = "MauiBlazorApp", "MauiBlazorApp\MauiBlazorApp.csproj", "{5603CC24-0EF5-48D3-B4DF-D4AF1D0ACFF8}"
EndProject
Project("{FAE04EC0-301F-11D3-BF4B-00C04F79EFBC}") = "MauiLib", "MauiLib\MauiLib.csproj", "{F59E8052-0D24-4C35-B620-0801C1359EE2}"
EndProject
Project("{FAE04EC0-301F-11D3-BF4B-00C04F79EFBC}") = "AndroidApp", "AndroidApp\AndroidApp.csproj", "{0B31831C-B22F-4EB9-8CA2-2C430FD3770D}"
EndProject
Project("{FAE04EC0-301F-11D3-BF4B-00C04F79EFBC}") = "AndroidLib", "AndroidLib\AndroidLib.csproj", "{83144F49-0FED-42E0-8437-BE02D8842F52}"
EndProject
Project("{FAE04EC0-301F-11D3-BF4B-00C04F79EFBC}") = "AndroidJavaLibBinding", "AndroidJavaLibBinding\AndroidJavaLibBinding.csproj", "{6717647E-C1CB-4A20-B038-5460AC7C1378}"
EndProject
Project("{FAE04EC0-301F-11D3-BF4B-00C04F79EFBC}") = "iOSApp", "iOSApp\iOSApp.csproj", "{E6440368-C406-454E-90B0-4A5427744762}"
EndProject
Project("{FAE04EC0-301F-11D3-BF4B-00C04F79EFBC}") = "iOSBindingLib", "iOSBindingLib\iOSBindingLib.csproj", "{CB65C35B-6F5A-4395-A9F2-4521F08C824A}"
EndProject
Project("{FAE04EC0-301F-11D3-BF4B-00C04F79EFBC}") = "iOSLib", "iOSLib\iOSLib.csproj", "{FF9D37E1-EF5F-4333-926E-AD841D131F9F}"
EndProject
Project("{FAE04EC0-301F-11D3-BF4B-00C04F79EFBC}") = "iOSTabbedApp", "iOSTabbedApp\iOSTabbedApp.csproj", "{F2393B61-6A9F-4E94-BC0F-07A208DFAF81}"
EndProject
Project("{FAE04EC0-301F-11D3-BF4B-00C04F79EFBC}") = "MacCatalystApp", "MacCatalystApp\MacCatalystApp.csproj", "{72154F28-D360-486B-9234-EF59C9279199}"
EndProject
Project("{FAE04EC0-301F-11D3-BF4B-00C04F79EFBC}") = "MacCatalystBindingLib", "MacCatalystBindingLib\MacCatalystBindingLib.csproj", "{3B666268-1970-40E8-988D-05801E553A60}"
EndProject
Global
	GlobalSection(SolutionConfigurationPlatforms) = preSolution
		Debug|Any CPU = Debug|Any CPU
		Release|Any CPU = Release|Any CPU
	EndGlobalSection
	GlobalSection(ProjectConfigurationPlatforms) = postSolution
		{20EFEBFB-D8A1-4C26-B6D0-C59EC005CDF1}.Debug|Any CPU.ActiveCfg = Debug|Any CPU
		{20EFEBFB-D8A1-4C26-B6D0-C59EC005CDF1}.Debug|Any CPU.Build.0 = Debug|Any CPU
		{20EFEBFB-D8A1-4C26-B6D0-C59EC005CDF1}.Release|Any CPU.ActiveCfg = Release|Any CPU
		{20EFEBFB-D8A1-4C26-B6D0-C59EC005CDF1}.Release|Any CPU.Build.0 = Release|Any CPU
		{B70663D9-A8B1-4A20-9946-4CAB7C50C9E0}.Debug|Any CPU.ActiveCfg = Debug|Any CPU
		{B70663D9-A8B1-4A20-9946-4CAB7C50C9E0}.Debug|Any CPU.Build.0 = Debug|Any CPU
		{B70663D9-A8B1-4A20-9946-4CAB7C50C9E0}.Release|Any CPU.ActiveCfg = Release|Any CPU
		{B70663D9-A8B1-4A20-9946-4CAB7C50C9E0}.Release|Any CPU.Build.0 = Release|Any CPU
		{C6E5BAFC-604D-408C-88E0-77FF888EC7F6}.Debug|Any CPU.ActiveCfg = Debug|Any CPU
		{C6E5BAFC-604D-408C-88E0-77FF888EC7F6}.Debug|Any CPU.Build.0 = Debug|Any CPU
		{C6E5BAFC-604D-408C-88E0-77FF888EC7F6}.Release|Any CPU.ActiveCfg = Release|Any CPU
		{C6E5BAFC-604D-408C-88E0-77FF888EC7F6}.Release|Any CPU.Build.0 = Release|Any CPU
		{F331F845-4352-4CE9-A8C1-E5471CF90C24}.Debug|Any CPU.ActiveCfg = Debug|Any CPU
		{F331F845-4352-4CE9-A8C1-E5471CF90C24}.Debug|Any CPU.Build.0 = Debug|Any CPU
		{F331F845-4352-4CE9-A8C1-E5471CF90C24}.Release|Any CPU.ActiveCfg = Release|Any CPU
		{F331F845-4352-4CE9-A8C1-E5471CF90C24}.Release|Any CPU.Build.0 = Release|Any CPU
		{B75D090C-68F1-4845-B009-93B0E6FBD9B0}.Debug|Any CPU.ActiveCfg = Debug|Any CPU
		{B75D090C-68F1-4845-B009-93B0E6FBD9B0}.Debug|Any CPU.Build.0 = Debug|Any CPU
		{B75D090C-68F1-4845-B009-93B0E6FBD9B0}.Release|Any CPU.ActiveCfg = Release|Any CPU
		{B75D090C-68F1-4845-B009-93B0E6FBD9B0}.Release|Any CPU.Build.0 = Release|Any CPU
		{66D9843B-8189-4D8C-B811-1C226C781864}.Debug|Any CPU.ActiveCfg = Debug|Any CPU
		{66D9843B-8189-4D8C-B811-1C226C781864}.Debug|Any CPU.Build.0 = Debug|Any CPU
		{66D9843B-8189-4D8C-B811-1C226C781864}.Release|Any CPU.ActiveCfg = Release|Any CPU
		{66D9843B-8189-4D8C-B811-1C226C781864}.Release|Any CPU.Build.0 = Release|Any CPU
		{B5EB30A8-25CF-4AD6-ADB8-C1EE629A7518}.Debug|Any CPU.ActiveCfg = Debug|Any CPU
		{B5EB30A8-25CF-4AD6-ADB8-C1EE629A7518}.Debug|Any CPU.Build.0 = Debug|Any CPU
		{B5EB30A8-25CF-4AD6-ADB8-C1EE629A7518}.Release|Any CPU.ActiveCfg = Release|Any CPU
		{B5EB30A8-25CF-4AD6-ADB8-C1EE629A7518}.Release|Any CPU.Build.0 = Release|Any CPU
		{C759BBC1-D3E2-400D-AD88-AE15DF01A6C3}.Debug|Any CPU.ActiveCfg = Debug|Any CPU
		{C759BBC1-D3E2-400D-AD88-AE15DF01A6C3}.Debug|Any CPU.Build.0 = Debug|Any CPU
		{C759BBC1-D3E2-400D-AD88-AE15DF01A6C3}.Release|Any CPU.ActiveCfg = Release|Any CPU
		{C759BBC1-D3E2-400D-AD88-AE15DF01A6C3}.Release|Any CPU.Build.0 = Release|Any CPU
		{4343CC79-0C59-40CD-9C28-140CD5DD83E3}.Debug|Any CPU.ActiveCfg = Debug|Any CPU
		{4343CC79-0C59-40CD-9C28-140CD5DD83E3}.Debug|Any CPU.Build.0 = Debug|Any CPU
		{4343CC79-0C59-40CD-9C28-140CD5DD83E3}.Release|Any CPU.ActiveCfg = Release|Any CPU
		{4343CC79-0C59-40CD-9C28-140CD5DD83E3}.Release|Any CPU.Build.0 = Release|Any CPU
		{0069E308-9775-4B77-BAE0-E694E70EE9D5}.Debug|Any CPU.ActiveCfg = Debug|Any CPU
		{0069E308-9775-4B77-BAE0-E694E70EE9D5}.Debug|Any CPU.Build.0 = Debug|Any CPU
		{0069E308-9775-4B77-BAE0-E694E70EE9D5}.Release|Any CPU.ActiveCfg = Release|Any CPU
		{0069E308-9775-4B77-BAE0-E694E70EE9D5}.Release|Any CPU.Build.0 = Release|Any CPU
		{2522A3E3-7B19-4123-A3AD-CB06101BDDBC}.Debug|Any CPU.ActiveCfg = Debug|Any CPU
		{2522A3E3-7B19-4123-A3AD-CB06101BDDBC}.Debug|Any CPU.Build.0 = Debug|Any CPU
		{2522A3E3-7B19-4123-A3AD-CB06101BDDBC}.Release|Any CPU.ActiveCfg = Release|Any CPU
		{2522A3E3-7B19-4123-A3AD-CB06101BDDBC}.Release|Any CPU.Build.0 = Release|Any CPU
		{EF731A6C-DB83-4957-8705-FB6E7859675E}.Debug|Any CPU.ActiveCfg = Debug|Any CPU
		{EF731A6C-DB83-4957-8705-FB6E7859675E}.Debug|Any CPU.Build.0 = Debug|Any CPU
		{EF731A6C-DB83-4957-8705-FB6E7859675E}.Release|Any CPU.ActiveCfg = Release|Any CPU
		{EF731A6C-DB83-4957-8705-FB6E7859675E}.Release|Any CPU.Build.0 = Release|Any CPU
		{8840E0EF-12FF-4341-ABDF-3106BD4AD47F}.Debug|Any CPU.ActiveCfg = Debug|Any CPU
		{8840E0EF-12FF-4341-ABDF-3106BD4AD47F}.Debug|Any CPU.Build.0 = Debug|Any CPU
		{8840E0EF-12FF-4341-ABDF-3106BD4AD47F}.Release|Any CPU.ActiveCfg = Release|Any CPU
		{8840E0EF-12FF-4341-ABDF-3106BD4AD47F}.Release|Any CPU.Build.0 = Release|Any CPU
		{697614D4-A3E9-45F5-B3A5-7ED751BEEEE3}.Debug|Any CPU.ActiveCfg = Debug|Any CPU
		{697614D4-A3E9-45F5-B3A5-7ED751BEEEE3}.Debug|Any CPU.Build.0 = Debug|Any CPU
		{697614D4-A3E9-45F5-B3A5-7ED751BEEEE3}.Release|Any CPU.ActiveCfg = Release|Any CPU
		{697614D4-A3E9-45F5-B3A5-7ED751BEEEE3}.Release|Any CPU.Build.0 = Release|Any CPU
		{99D7EE91-4975-4BCA-8B82-83979D3316EC}.Debug|Any CPU.ActiveCfg = Debug|Any CPU
		{99D7EE91-4975-4BCA-8B82-83979D3316EC}.Debug|Any CPU.Build.0 = Debug|Any CPU
		{99D7EE91-4975-4BCA-8B82-83979D3316EC}.Release|Any CPU.ActiveCfg = Release|Any CPU
		{99D7EE91-4975-4BCA-8B82-83979D3316EC}.Release|Any CPU.Build.0 = Release|Any CPU
		{49F82704-9279-40D6-B85C-3B70851C5E7C}.Debug|Any CPU.ActiveCfg = Debug|Any CPU
		{49F82704-9279-40D6-B85C-3B70851C5E7C}.Debug|Any CPU.Build.0 = Debug|Any CPU
		{49F82704-9279-40D6-B85C-3B70851C5E7C}.Release|Any CPU.ActiveCfg = Release|Any CPU
		{49F82704-9279-40D6-B85C-3B70851C5E7C}.Release|Any CPU.Build.0 = Release|Any CPU
		{0A5AA825-4FF0-44AE-8DF0-42EF8DA9B297}.Debug|Any CPU.ActiveCfg = Debug|Any CPU
		{0A5AA825-4FF0-44AE-8DF0-42EF8DA9B297}.Debug|Any CPU.Build.0 = Debug|Any CPU
		{0A5AA825-4FF0-44AE-8DF0-42EF8DA9B297}.Release|Any CPU.ActiveCfg = Release|Any CPU
		{0A5AA825-4FF0-44AE-8DF0-42EF8DA9B297}.Release|Any CPU.Build.0 = Release|Any CPU
		{991AC0AE-7FD6-4692-B97D-7C11421A130F}.Debug|Any CPU.ActiveCfg = Debug|Any CPU
		{991AC0AE-7FD6-4692-B97D-7C11421A130F}.Debug|Any CPU.Build.0 = Debug|Any CPU
		{991AC0AE-7FD6-4692-B97D-7C11421A130F}.Release|Any CPU.ActiveCfg = Release|Any CPU
		{991AC0AE-7FD6-4692-B97D-7C11421A130F}.Release|Any CPU.Build.0 = Release|Any CPU
		{0DA0FDF5-A8D9-4B4C-9DF9-91B81481E6C5}.Debug|Any CPU.ActiveCfg = Debug|Any CPU
		{0DA0FDF5-A8D9-4B4C-9DF9-91B81481E6C5}.Debug|Any CPU.Build.0 = Debug|Any CPU
		{0DA0FDF5-A8D9-4B4C-9DF9-91B81481E6C5}.Release|Any CPU.ActiveCfg = Release|Any CPU
		{0DA0FDF5-A8D9-4B4C-9DF9-91B81481E6C5}.Release|Any CPU.Build.0 = Release|Any CPU
		{36EF9C3C-112E-4C00-9F34-974168872265}.Debug|Any CPU.ActiveCfg = Debug|Any CPU
		{36EF9C3C-112E-4C00-9F34-974168872265}.Debug|Any CPU.Build.0 = Debug|Any CPU
		{36EF9C3C-112E-4C00-9F34-974168872265}.Release|Any CPU.ActiveCfg = Release|Any CPU
		{36EF9C3C-112E-4C00-9F34-974168872265}.Release|Any CPU.Build.0 = Release|Any CPU
		{5838E417-BE1D-48AB-99AD-262F9CAC3E75}.Debug|Any CPU.ActiveCfg = Debug|Any CPU
		{5838E417-BE1D-48AB-99AD-262F9CAC3E75}.Debug|Any CPU.Build.0 = Debug|Any CPU
		{5838E417-BE1D-48AB-99AD-262F9CAC3E75}.Release|Any CPU.ActiveCfg = Release|Any CPU
		{5838E417-BE1D-48AB-99AD-262F9CAC3E75}.Release|Any CPU.Build.0 = Release|Any CPU
		{9FC654B4-C88E-4CDE-8DD1-BEC8D4FE0538}.Debug|Any CPU.ActiveCfg = Debug|Any CPU
		{9FC654B4-C88E-4CDE-8DD1-BEC8D4FE0538}.Debug|Any CPU.Build.0 = Debug|Any CPU
		{9FC654B4-C88E-4CDE-8DD1-BEC8D4FE0538}.Debug|Any CPU.Deploy.0 = Debug|Any CPU
		{9FC654B4-C88E-4CDE-8DD1-BEC8D4FE0538}.Release|Any CPU.ActiveCfg = Release|Any CPU
		{9FC654B4-C88E-4CDE-8DD1-BEC8D4FE0538}.Release|Any CPU.Build.0 = Release|Any CPU
		{9FC654B4-C88E-4CDE-8DD1-BEC8D4FE0538}.Release|Any CPU.Deploy.0 = Release|Any CPU
		{5603CC24-0EF5-48D3-B4DF-D4AF1D0ACFF8}.Debug|Any CPU.ActiveCfg = Debug|Any CPU
		{5603CC24-0EF5-48D3-B4DF-D4AF1D0ACFF8}.Debug|Any CPU.Build.0 = Debug|Any CPU
		{5603CC24-0EF5-48D3-B4DF-D4AF1D0ACFF8}.Debug|Any CPU.Deploy.0 = Debug|Any CPU
		{5603CC24-0EF5-48D3-B4DF-D4AF1D0ACFF8}.Release|Any CPU.ActiveCfg = Release|Any CPU
		{5603CC24-0EF5-48D3-B4DF-D4AF1D0ACFF8}.Release|Any CPU.Build.0 = Release|Any CPU
		{5603CC24-0EF5-48D3-B4DF-D4AF1D0ACFF8}.Release|Any CPU.Deploy.0 = Release|Any CPU
		{F59E8052-0D24-4C35-B620-0801C1359EE2}.Debug|Any CPU.ActiveCfg = Debug|Any CPU
		{F59E8052-0D24-4C35-B620-0801C1359EE2}.Debug|Any CPU.Build.0 = Debug|Any CPU
		{F59E8052-0D24-4C35-B620-0801C1359EE2}.Release|Any CPU.ActiveCfg = Release|Any CPU
		{F59E8052-0D24-4C35-B620-0801C1359EE2}.Release|Any CPU.Build.0 = Release|Any CPU
		{0B31831C-B22F-4EB9-8CA2-2C430FD3770D}.Debug|Any CPU.ActiveCfg = Debug|Any CPU
		{0B31831C-B22F-4EB9-8CA2-2C430FD3770D}.Debug|Any CPU.Build.0 = Debug|Any CPU
		{0B31831C-B22F-4EB9-8CA2-2C430FD3770D}.Debug|Any CPU.Deploy.0 = Debug|Any CPU
		{0B31831C-B22F-4EB9-8CA2-2C430FD3770D}.Release|Any CPU.ActiveCfg = Release|Any CPU
		{0B31831C-B22F-4EB9-8CA2-2C430FD3770D}.Release|Any CPU.Build.0 = Release|Any CPU
		{0B31831C-B22F-4EB9-8CA2-2C430FD3770D}.Release|Any CPU.Deploy.0 = Release|Any CPU
		{83144F49-0FED-42E0-8437-BE02D8842F52}.Debug|Any CPU.ActiveCfg = Debug|Any CPU
		{83144F49-0FED-42E0-8437-BE02D8842F52}.Debug|Any CPU.Build.0 = Debug|Any CPU
		{83144F49-0FED-42E0-8437-BE02D8842F52}.Release|Any CPU.ActiveCfg = Release|Any CPU
		{83144F49-0FED-42E0-8437-BE02D8842F52}.Release|Any CPU.Build.0 = Release|Any CPU
		{6717647E-C1CB-4A20-B038-5460AC7C1378}.Debug|Any CPU.ActiveCfg = Debug|Any CPU
		{6717647E-C1CB-4A20-B038-5460AC7C1378}.Debug|Any CPU.Build.0 = Debug|Any CPU
		{6717647E-C1CB-4A20-B038-5460AC7C1378}.Release|Any CPU.ActiveCfg = Release|Any CPU
		{6717647E-C1CB-4A20-B038-5460AC7C1378}.Release|Any CPU.Build.0 = Release|Any CPU
		{E6440368-C406-454E-90B0-4A5427744762}.Debug|Any CPU.ActiveCfg = Debug|Any CPU
		{E6440368-C406-454E-90B0-4A5427744762}.Debug|Any CPU.Build.0 = Debug|Any CPU
		{E6440368-C406-454E-90B0-4A5427744762}.Debug|Any CPU.Deploy.0 = Debug|Any CPU
		{E6440368-C406-454E-90B0-4A5427744762}.Release|Any CPU.ActiveCfg = Release|Any CPU
		{E6440368-C406-454E-90B0-4A5427744762}.Release|Any CPU.Build.0 = Release|Any CPU
		{E6440368-C406-454E-90B0-4A5427744762}.Release|Any CPU.Deploy.0 = Release|Any CPU
		{CB65C35B-6F5A-4395-A9F2-4521F08C824A}.Debug|Any CPU.ActiveCfg = Debug|Any CPU
		{CB65C35B-6F5A-4395-A9F2-4521F08C824A}.Debug|Any CPU.Build.0 = Debug|Any CPU
		{CB65C35B-6F5A-4395-A9F2-4521F08C824A}.Release|Any CPU.ActiveCfg = Release|Any CPU
		{CB65C35B-6F5A-4395-A9F2-4521F08C824A}.Release|Any CPU.Build.0 = Release|Any CPU
		{FF9D37E1-EF5F-4333-926E-AD841D131F9F}.Debug|Any CPU.ActiveCfg = Debug|Any CPU
		{FF9D37E1-EF5F-4333-926E-AD841D131F9F}.Debug|Any CPU.Build.0 = Debug|Any CPU
		{FF9D37E1-EF5F-4333-926E-AD841D131F9F}.Release|Any CPU.ActiveCfg = Release|Any CPU
		{FF9D37E1-EF5F-4333-926E-AD841D131F9F}.Release|Any CPU.Build.0 = Release|Any CPU
		{F2393B61-6A9F-4E94-BC0F-07A208DFAF81}.Debug|Any CPU.ActiveCfg = Debug|Any CPU
		{F2393B61-6A9F-4E94-BC0F-07A208DFAF81}.Debug|Any CPU.Build.0 = Debug|Any CPU
		{F2393B61-6A9F-4E94-BC0F-07A208DFAF81}.Debug|Any CPU.Deploy.0 = Debug|Any CPU
		{F2393B61-6A9F-4E94-BC0F-07A208DFAF81}.Release|Any CPU.ActiveCfg = Release|Any CPU
		{F2393B61-6A9F-4E94-BC0F-07A208DFAF81}.Release|Any CPU.Build.0 = Release|Any CPU
		{F2393B61-6A9F-4E94-BC0F-07A208DFAF81}.Release|Any CPU.Deploy.0 = Release|Any CPU
		{72154F28-D360-486B-9234-EF59C9279199}.Debug|Any CPU.ActiveCfg = Debug|Any CPU
		{72154F28-D360-486B-9234-EF59C9279199}.Debug|Any CPU.Build.0 = Debug|Any CPU
		{72154F28-D360-486B-9234-EF59C9279199}.Release|Any CPU.ActiveCfg = Release|Any CPU
		{72154F28-D360-486B-9234-EF59C9279199}.Release|Any CPU.Build.0 = Release|Any CPU
		{3B666268-1970-40E8-988D-05801E553A60}.Debug|Any CPU.ActiveCfg = Debug|Any CPU
		{3B666268-1970-40E8-988D-05801E553A60}.Debug|Any CPU.Build.0 = Debug|Any CPU
		{3B666268-1970-40E8-988D-05801E553A60}.Release|Any CPU.ActiveCfg = Release|Any CPU
		{3B666268-1970-40E8-988D-05801E553A60}.Release|Any CPU.Build.0 = Release|Any CPU
	EndGlobalSection
	GlobalSection(SolutionProperties) = preSolution
		HideSolutionNode = FALSE
	EndGlobalSection
	GlobalSection(ExtensibilityGlobals) = postSolution
		SolutionGuid = {BBF5E50F-1CBB-4933-8846-C0A8A2B53446}
	EndGlobalSection
EndGlobal
